
Microsoft Visual Studio Solution File, Format Version 12.00
# Visual Studio Version 16
VisualStudioVersion = 16.0.31205.134
MinimumVisualStudioVersion = 10.0.40219.1
Project("{9A19103F-16F7-4668-BE54-9A1E7A4F7556}") = "DTGE.Common", "DTGE.Common\DTGE.Common.csproj", "{2DD85B21-3438-4882-AA82-E69977ECCB93}"
EndProject
Project("{9A19103F-16F7-4668-BE54-9A1E7A4F7556}") = "DTGE.GameBoard", "DTGE.GameBoard\DTGE.GameBoard.csproj", "{367623BC-1B5C-4F75-8331-7C1648285C84}"
EndProject
Project("{9A19103F-16F7-4668-BE54-9A1E7A4F7556}") = "DTGE.GameBoard.Tests", "DTGE.GameBoard.Tests\DTGE.GameBoard.Tests.csproj", "{6B51E0A5-5ABA-4181-8599-536219B0E5D0}"
EndProject
Project("{FAE04EC0-301F-11D3-BF4B-00C04F79EFBC}") = "DTGE.Common.Tests", "DTGE.Common.Tests\DTGE.Common.Tests.csproj", "{4628B7F6-CB52-466F-AF37-D8629CB75A88}"
EndProject
Global
	GlobalSection(SolutionConfigurationPlatforms) = preSolution
		Debug|Any CPU = Debug|Any CPU
		Release|Any CPU = Release|Any CPU
	EndGlobalSection
	GlobalSection(ProjectConfigurationPlatforms) = postSolution
		{2DD85B21-3438-4882-AA82-E69977ECCB93}.Debug|Any CPU.ActiveCfg = Debug|Any CPU
		{2DD85B21-3438-4882-AA82-E69977ECCB93}.Debug|Any CPU.Build.0 = Debug|Any CPU
		{2DD85B21-3438-4882-AA82-E69977ECCB93}.Release|Any CPU.ActiveCfg = Release|Any CPU
		{2DD85B21-3438-4882-AA82-E69977ECCB93}.Release|Any CPU.Build.0 = Release|Any CPU
		{367623BC-1B5C-4F75-8331-7C1648285C84}.Debug|Any CPU.ActiveCfg = Debug|Any CPU
		{367623BC-1B5C-4F75-8331-7C1648285C84}.Debug|Any CPU.Build.0 = Debug|Any CPU
		{367623BC-1B5C-4F75-8331-7C1648285C84}.Release|Any CPU.ActiveCfg = Release|Any CPU
		{367623BC-1B5C-4F75-8331-7C1648285C84}.Release|Any CPU.Build.0 = Release|Any CPU
		{6B51E0A5-5ABA-4181-8599-536219B0E5D0}.Debug|Any CPU.ActiveCfg = Debug|Any CPU
		{6B51E0A5-5ABA-4181-8599-536219B0E5D0}.Debug|Any CPU.Build.0 = Debug|Any CPU
		{6B51E0A5-5ABA-4181-8599-536219B0E5D0}.Release|Any CPU.ActiveCfg = Release|Any CPU
		{6B51E0A5-5ABA-4181-8599-536219B0E5D0}.Release|Any CPU.Build.0 = Release|Any CPU
		{4628B7F6-CB52-466F-AF37-D8629CB75A88}.Debug|Any CPU.ActiveCfg = Debug|Any CPU
		{4628B7F6-CB52-466F-AF37-D8629CB75A88}.Debug|Any CPU.Build.0 = Debug|Any CPU
		{4628B7F6-CB52-466F-AF37-D8629CB75A88}.Release|Any CPU.ActiveCfg = Release|Any CPU
		{4628B7F6-CB52-466F-AF37-D8629CB75A88}.Release|Any CPU.Build.0 = Release|Any CPU
	EndGlobalSection
	GlobalSection(SolutionProperties) = preSolution
		HideSolutionNode = FALSE
	EndGlobalSection
	GlobalSection(ExtensibilityGlobals) = postSolution
		SolutionGuid = {40539BC0-9855-4FC5-AEA2-24204E9F9FAB}
	EndGlobalSection
EndGlobal
